
Microsoft Visual Studio Solution File, Format Version 12.00
# Visual Studio Version 17
VisualStudioVersion = 17.7.34221.43
MinimumVisualStudioVersion = 10.0.40219.1
Project("{FAE04EC0-301F-11D3-BF4B-00C04F79EFBC}") = "Presentation", "Presentation\Presentation.csproj", "{1F5E3360-CD29-41AC-93CA-F06C4FEFF6FD}"
EndProject
Project("{FAE04EC0-301F-11D3-BF4B-00C04F79EFBC}") = "Common", "Common\Common.csproj", "{6E803B0A-28EC-4C4F-84A7-C6B4C947D188}"
EndProject
Project("{FAE04EC0-301F-11D3-BF4B-00C04F79EFBC}") = "DataAccess", "DataAccess\DataAccess.csproj", "{471AF069-0733-454B-AF33-BC858D4683D4}"
EndProject
Global
	GlobalSection(SolutionConfigurationPlatforms) = preSolution
		Debug|Any CPU = Debug|Any CPU
		Release|Any CPU = Release|Any CPU
	EndGlobalSection
	GlobalSection(ProjectConfigurationPlatforms) = postSolution
		{1F5E3360-CD29-41AC-93CA-F06C4FEFF6FD}.Debug|Any CPU.ActiveCfg = Debug|Any CPU
		{1F5E3360-CD29-41AC-93CA-F06C4FEFF6FD}.Debug|Any CPU.Build.0 = Debug|Any CPU
		{1F5E3360-CD29-41AC-93CA-F06C4FEFF6FD}.Release|Any CPU.ActiveCfg = Release|Any CPU
		{1F5E3360-CD29-41AC-93CA-F06C4FEFF6FD}.Release|Any CPU.Build.0 = Release|Any CPU
		{6E803B0A-28EC-4C4F-84A7-C6B4C947D188}.Debug|Any CPU.ActiveCfg = Debug|Any CPU
		{6E803B0A-28EC-4C4F-84A7-C6B4C947D188}.Debug|Any CPU.Build.0 = Debug|Any CPU
		{6E803B0A-28EC-4C4F-84A7-C6B4C947D188}.Release|Any CPU.ActiveCfg = Release|Any CPU
		{6E803B0A-28EC-4C4F-84A7-C6B4C947D188}.Release|Any CPU.Build.0 = Release|Any CPU
		{471AF069-0733-454B-AF33-BC858D4683D4}.Debug|Any CPU.ActiveCfg = Debug|Any CPU
		{471AF069-0733-454B-AF33-BC858D4683D4}.Debug|Any CPU.Build.0 = Debug|Any CPU
		{471AF069-0733-454B-AF33-BC858D4683D4}.Release|Any CPU.ActiveCfg = Release|Any CPU
		{471AF069-0733-454B-AF33-BC858D4683D4}.Release|Any CPU.Build.0 = Release|Any CPU
	EndGlobalSection
	GlobalSection(SolutionProperties) = preSolution
		HideSolutionNode = FALSE
	EndGlobalSection
	GlobalSection(ExtensibilityGlobals) = postSolution
		SolutionGuid = {32FE7E4A-7C33-4978-A012-CA4D63FF5152}
	EndGlobalSection
EndGlobal
